
Microsoft Visual Studio Solution File, Format Version 12.00
# Visual Studio Version 16
VisualStudioVersion = 16.0.30611.23
MinimumVisualStudioVersion = 10.0.40219.1
Project("{FAE04EC0-301F-11D3-BF4B-00C04F79EFBC}") = "Que1", "Que1\Que1.csproj", "{8F6654F8-34EC-4C6A-B14A-AACD33764AE1}"
EndProject
Project("{FAE04EC0-301F-11D3-BF4B-00C04F79EFBC}") = "Que2", "Que2\Que2.csproj", "{3B3DD7ED-BF51-4C7D-B094-3AF8C46C8533}"
EndProject
Global
	GlobalSection(SolutionConfigurationPlatforms) = preSolution
		Debug|Any CPU = Debug|Any CPU
		Release|Any CPU = Release|Any CPU
	EndGlobalSection
	GlobalSection(ProjectConfigurationPlatforms) = postSolution
		{8F6654F8-34EC-4C6A-B14A-AACD33764AE1}.Debug|Any CPU.ActiveCfg = Debug|Any CPU
		{8F6654F8-34EC-4C6A-B14A-AACD33764AE1}.Debug|Any CPU.Build.0 = Debug|Any CPU
		{8F6654F8-34EC-4C6A-B14A-AACD33764AE1}.Release|Any CPU.ActiveCfg = Release|Any CPU
		{8F6654F8-34EC-4C6A-B14A-AACD33764AE1}.Release|Any CPU.Build.0 = Release|Any CPU
		{3B3DD7ED-BF51-4C7D-B094-3AF8C46C8533}.Debug|Any CPU.ActiveCfg = Debug|Any CPU
		{3B3DD7ED-BF51-4C7D-B094-3AF8C46C8533}.Debug|Any CPU.Build.0 = Debug|Any CPU
		{3B3DD7ED-BF51-4C7D-B094-3AF8C46C8533}.Release|Any CPU.ActiveCfg = Release|Any CPU
		{3B3DD7ED-BF51-4C7D-B094-3AF8C46C8533}.Release|Any CPU.Build.0 = Release|Any CPU
	EndGlobalSection
	GlobalSection(SolutionProperties) = preSolution
		HideSolutionNode = FALSE
	EndGlobalSection
	GlobalSection(ExtensibilityGlobals) = postSolution
		SolutionGuid = {D3538112-E657-41B3-8B54-9064A9257F79}
	EndGlobalSection
EndGlobal
