
Microsoft Visual Studio Solution File, Format Version 12.00
# Visual Studio Version 16
VisualStudioVersion = 16.0.30611.23
MinimumVisualStudioVersion = 10.0.40219.1
Project("{FAE04EC0-301F-11D3-BF4B-00C04F79EFBC}") = "ShapeProject", "ShapeProject\ShapeProject.csproj", "{5FC61A1F-9058-4BA0-AD23-2CFE3B85237A}"
EndProject
Global
	GlobalSection(SolutionConfigurationPlatforms) = preSolution
		Debug|Any CPU = Debug|Any CPU
		Release|Any CPU = Release|Any CPU
	EndGlobalSection
	GlobalSection(ProjectConfigurationPlatforms) = postSolution
		{5FC61A1F-9058-4BA0-AD23-2CFE3B85237A}.Debug|Any CPU.ActiveCfg = Debug|Any CPU
		{5FC61A1F-9058-4BA0-AD23-2CFE3B85237A}.Debug|Any CPU.Build.0 = Debug|Any CPU
		{5FC61A1F-9058-4BA0-AD23-2CFE3B85237A}.Release|Any CPU.ActiveCfg = Release|Any CPU
		{5FC61A1F-9058-4BA0-AD23-2CFE3B85237A}.Release|Any CPU.Build.0 = Release|Any CPU
	EndGlobalSection
	GlobalSection(SolutionProperties) = preSolution
		HideSolutionNode = FALSE
	EndGlobalSection
	GlobalSection(ExtensibilityGlobals) = postSolution
		SolutionGuid = {B103A45E-E4A1-4F2D-93C2-9A12054F7471}
	EndGlobalSection
EndGlobal
